
Microsoft Visual Studio Solution File, Format Version 12.00
# Visual Studio Version 17
VisualStudioVersion = 17.1.32414.318
MinimumVisualStudioVersion = 10.0.40219.1
Project("{FAE04EC0-301F-11D3-BF4B-00C04F79EFBC}") = "Employee.wage", "Employee.wage\Employee.wage.csproj", "{2131EB1C-DB9D-456D-BB09-ED8BB9C4A905}"
EndProject
Global
	GlobalSection(SolutionConfigurationPlatforms) = preSolution
		Debug|Any CPU = Debug|Any CPU
		Release|Any CPU = Release|Any CPU
	EndGlobalSection
	GlobalSection(ProjectConfigurationPlatforms) = postSolution
		{2131EB1C-DB9D-456D-BB09-ED8BB9C4A905}.Debug|Any CPU.ActiveCfg = Debug|Any CPU
		{2131EB1C-DB9D-456D-BB09-ED8BB9C4A905}.Debug|Any CPU.Build.0 = Debug|Any CPU
		{2131EB1C-DB9D-456D-BB09-ED8BB9C4A905}.Release|Any CPU.ActiveCfg = Release|Any CPU
		{2131EB1C-DB9D-456D-BB09-ED8BB9C4A905}.Release|Any CPU.Build.0 = Release|Any CPU
	EndGlobalSection
	GlobalSection(SolutionProperties) = preSolution
		HideSolutionNode = FALSE
	EndGlobalSection
	GlobalSection(ExtensibilityGlobals) = postSolution
		SolutionGuid = {F86B9365-C47A-4EDC-9F87-4BC96FD0F6AA}
	EndGlobalSection
EndGlobal
